
Microsoft Visual Studio Solution File, Format Version 12.00
# Visual Studio Version 16
VisualStudioVersion = 16.0.29911.84
MinimumVisualStudioVersion = 10.0.40219.1
Project("{FAE04EC0-301F-11D3-BF4B-00C04F79EFBC}") = "mltutorial", "mltutorial.csproj", "{BEFFD04F-D919-4F7F-A674-3E23C25142AA}"
EndProject
Global
	GlobalSection(SolutionConfigurationPlatforms) = preSolution
		Debug|Any CPU = Debug|Any CPU
		Release|Any CPU = Release|Any CPU
	EndGlobalSection
	GlobalSection(ProjectConfigurationPlatforms) = postSolution
		{BEFFD04F-D919-4F7F-A674-3E23C25142AA}.Debug|Any CPU.ActiveCfg = Debug|Any CPU
		{BEFFD04F-D919-4F7F-A674-3E23C25142AA}.Debug|Any CPU.Build.0 = Debug|Any CPU
		{BEFFD04F-D919-4F7F-A674-3E23C25142AA}.Release|Any CPU.ActiveCfg = Release|Any CPU
		{BEFFD04F-D919-4F7F-A674-3E23C25142AA}.Release|Any CPU.Build.0 = Release|Any CPU
	EndGlobalSection
	GlobalSection(SolutionProperties) = preSolution
		HideSolutionNode = FALSE
	EndGlobalSection
	GlobalSection(ExtensibilityGlobals) = postSolution
		SolutionGuid = {3C29AC66-1A13-48ED-8C9B-439A11EE9EC8}
	EndGlobalSection
EndGlobal
